// !$*UTF8*$!
{
	archiveVersion = 1;
	classes = {
	};
	objectVersion = 56;
	objects = {

/* Begin PBXBuildFile section */
		9E3CC27629AE4B1300CCB9C3 /* RGBAColorFromString.swift in Sources */ = {isa = PBXBuildFile; fileRef = 9E3CC26829AE4B1300CCB9C3 /* RGBAColorFromString.swift */; };
		9E3CC27729AE4B1300CCB9C3 /* PickFlavorViewController.swift in Sources */ = {isa = PBXBuildFile; fileRef = 9E3CC26A29AE4B1300CCB9C3 /* PickFlavorViewController.swift */; };
		9E3CC27829AE4B1300CCB9C3 /* PickFlavorDataSource.swift in Sources */ = {isa = PBXBuildFile; fileRef = 9E3CC26B29AE4B1300CCB9C3 /* PickFlavorDataSource.swift */; };
		9E3CC27929AE4B1300CCB9C3 /* Flavor.swift in Sources */ = {isa = PBXBuildFile; fileRef = 9E3CC26D29AE4B1300CCB9C3 /* Flavor.swift */; };
		9E3CC27A29AE4B1300CCB9C3 /* Images.xcassets in Resources */ = {isa = PBXBuildFile; fileRef = 9E3CC26F29AE4B1300CCB9C3 /* Images.xcassets */; };
		9E3CC27B29AE4B1300CCB9C3 /* ScoopCell.swift in Sources */ = {isa = PBXBuildFile; fileRef = 9E3CC27129AE4B1300CCB9C3 /* ScoopCell.swift */; };
		9E3CC27C29AE4B1300CCB9C3 /* ScoopView.swift in Sources */ = {isa = PBXBuildFile; fileRef = 9E3CC27229AE4B1300CCB9C3 /* ScoopView.swift */; };
		9E3CC27D29AE4B1300CCB9C3 /* Main.storyboard in Resources */ = {isa = PBXBuildFile; fileRef = 9E3CC27329AE4B1300CCB9C3 /* Main.storyboard */; };
		9E3CC27E29AE4B1300CCB9C3 /* IceCreamView.swift in Sources */ = {isa = PBXBuildFile; fileRef = 9E3CC27529AE4B1300CCB9C3 /* IceCreamView.swift */; };
		9EB41E7C29AE473700EE23B7 /* MyPickFlavor.h in Headers */ = {isa = PBXBuildFile; fileRef = 9EB41E7B29AE473700EE23B7 /* MyPickFlavor.h */; settings = {ATTRIBUTES = (Public, ); }; };
		C7C03A5099877ECEC836E89C /* libPods-MyPickFlavor.a in Frameworks */ = {isa = PBXBuildFile; fileRef = 80B064141A94CF69442FED43 /* libPods-MyPickFlavor.a */; };
/* End PBXBuildFile section */

/* Begin PBXFileReference section */
		52EFFCA6EF78B2277D45EAF3 /* Pods-MyPickFlavor.debug.xcconfig */ = {isa = PBXFileReference; includeInIndex = 1; lastKnownFileType = text.xcconfig; name = "Pods-MyPickFlavor.debug.xcconfig"; path = "Target Support Files/Pods-MyPickFlavor/Pods-MyPickFlavor.debug.xcconfig"; sourceTree = "<group>"; };
		80B064141A94CF69442FED43 /* libPods-MyPickFlavor.a */ = {isa = PBXFileReference; explicitFileType = archive.ar; includeInIndex = 0; path = "libPods-MyPickFlavor.a"; sourceTree = BUILT_PRODUCTS_DIR; };
		9E3CC26829AE4B1300CCB9C3 /* RGBAColorFromString.swift */ = {isa = PBXFileReference; fileEncoding = 4; lastKnownFileType = sourcecode.swift; path = RGBAColorFromString.swift; sourceTree = "<group>"; };
		9E3CC26A29AE4B1300CCB9C3 /* PickFlavorViewController.swift */ = {isa = PBXFileReference; fileEncoding = 4; lastKnownFileType = sourcecode.swift; path = PickFlavorViewController.swift; sourceTree = "<group>"; };
		9E3CC26B29AE4B1300CCB9C3 /* PickFlavorDataSource.swift */ = {isa = PBXFileReference; fileEncoding = 4; lastKnownFileType = sourcecode.swift; path = PickFlavorDataSource.swift; sourceTree = "<group>"; };
		9E3CC26D29AE4B1300CCB9C3 /* Flavor.swift */ = {isa = PBXFileReference; fileEncoding = 4; lastKnownFileType = sourcecode.swift; path = Flavor.swift; sourceTree = "<group>"; };
		9E3CC26F29AE4B1300CCB9C3 /* Images.xcassets */ = {isa = PBXFileReference; lastKnownFileType = folder.assetcatalog; path = Images.xcassets; sourceTree = "<group>"; };
		9E3CC27129AE4B1300CCB9C3 /* ScoopCell.swift */ = {isa = PBXFileReference; fileEncoding = 4; lastKnownFileType = sourcecode.swift; path = ScoopCell.swift; sourceTree = "<group>"; };
		9E3CC27229AE4B1300CCB9C3 /* ScoopView.swift */ = {isa = PBXFileReference; fileEncoding = 4; lastKnownFileType = sourcecode.swift; path = ScoopView.swift; sourceTree = "<group>"; };
		9E3CC27429AE4B1300CCB9C3 /* Base */ = {isa = PBXFileReference; lastKnownFileType = file.storyboard; name = Base; path = Base.lproj/Main.storyboard; sourceTree = "<group>"; };
		9E3CC27529AE4B1300CCB9C3 /* IceCreamView.swift */ = {isa = PBXFileReference; fileEncoding = 4; lastKnownFileType = sourcecode.swift; path = IceCreamView.swift; sourceTree = "<group>"; };
		9EB41E7829AE473700EE23B7 /* MyPickFlavor.framework */ = {isa = PBXFileReference; explicitFileType = wrapper.framework; includeInIndex = 0; path = MyPickFlavor.framework; sourceTree = BUILT_PRODUCTS_DIR; };
		9EB41E7B29AE473700EE23B7 /* MyPickFlavor.h */ = {isa = PBXFileReference; lastKnownFileType = sourcecode.c.h; path = MyPickFlavor.h; sourceTree = "<group>"; };
		D2C8C56A1DD97F3FCB0909F1 /* Pods-MyPickFlavor.release.xcconfig */ = {isa = PBXFileReference; includeInIndex = 1; lastKnownFileType = text.xcconfig; name = "Pods-MyPickFlavor.release.xcconfig"; path = "Target Support Files/Pods-MyPickFlavor/Pods-MyPickFlavor.release.xcconfig"; sourceTree = "<group>"; };
/* End PBXFileReference section */

/* Begin PBXFrameworksBuildPhase section */
		9EB41E7529AE473700EE23B7 /* Frameworks */ = {
			isa = PBXFrameworksBuildPhase;
			buildActionMask = 2147483647;
			files = (
				C7C03A5099877ECEC836E89C /* libPods-MyPickFlavor.a in Frameworks */,
			);
			runOnlyForDeploymentPostprocessing = 0;
		};
/* End PBXFrameworksBuildPhase section */

/* Begin PBXGroup section */
		132C1861C36AF161CAAD2209 /* Pods */ = {
			isa = PBXGroup;
			children = (
				52EFFCA6EF78B2277D45EAF3 /* Pods-MyPickFlavor.debug.xcconfig */,
				D2C8C56A1DD97F3FCB0909F1 /* Pods-MyPickFlavor.release.xcconfig */,
			);
			path = Pods;
			sourceTree = "<group>";
		};
		6ED54C27B5EBD58E9F19B697 /* Frameworks */ = {
			isa = PBXGroup;
			children = (
				80B064141A94CF69442FED43 /* libPods-MyPickFlavor.a */,
			);
			name = Frameworks;
			sourceTree = "<group>";
		};
		9E3CC26729AE4B1300CCB9C3 /* Categories */ = {
			isa = PBXGroup;
			children = (
				9E3CC26829AE4B1300CCB9C3 /* RGBAColorFromString.swift */,
			);
			path = Categories;
			sourceTree = "<group>";
		};
		9E3CC26929AE4B1300CCB9C3 /* Controllers */ = {
			isa = PBXGroup;
			children = (
				9E3CC26A29AE4B1300CCB9C3 /* PickFlavorViewController.swift */,
				9E3CC26B29AE4B1300CCB9C3 /* PickFlavorDataSource.swift */,
			);
			path = Controllers;
			sourceTree = "<group>";
		};
		9E3CC26C29AE4B1300CCB9C3 /* Models */ = {
			isa = PBXGroup;
			children = (
				9E3CC26D29AE4B1300CCB9C3 /* Flavor.swift */,
			);
			path = Models;
			sourceTree = "<group>";
		};
		9E3CC26E29AE4B1300CCB9C3 /* Resources */ = {
			isa = PBXGroup;
			children = (
				9E3CC26F29AE4B1300CCB9C3 /* Images.xcassets */,
			);
			path = Resources;
			sourceTree = "<group>";
		};
		9E3CC27029AE4B1300CCB9C3 /* Views */ = {
			isa = PBXGroup;
			children = (
				9E3CC27129AE4B1300CCB9C3 /* ScoopCell.swift */,
				9E3CC27229AE4B1300CCB9C3 /* ScoopView.swift */,
				9E3CC27329AE4B1300CCB9C3 /* Main.storyboard */,
				9E3CC27529AE4B1300CCB9C3 /* IceCreamView.swift */,
			);
			path = Views;
			sourceTree = "<group>";
		};
		9EB41E6E29AE473700EE23B7 = {
			isa = PBXGroup;
			children = (
				9EB41E7A29AE473700EE23B7 /* MyPickFlavor */,
				9EB41E7929AE473700EE23B7 /* Products */,
				132C1861C36AF161CAAD2209 /* Pods */,
				6ED54C27B5EBD58E9F19B697 /* Frameworks */,
			);
			sourceTree = "<group>";
		};
		9EB41E7929AE473700EE23B7 /* Products */ = {
			isa = PBXGroup;
			children = (
				9EB41E7829AE473700EE23B7 /* MyPickFlavor.framework */,
			);
			name = Products;
			sourceTree = "<group>";
		};
		9EB41E7A29AE473700EE23B7 /* MyPickFlavor */ = {
			isa = PBXGroup;
			children = (
				9E3CC26729AE4B1300CCB9C3 /* Categories */,
				9E3CC26929AE4B1300CCB9C3 /* Controllers */,
				9E3CC26C29AE4B1300CCB9C3 /* Models */,
				9E3CC26E29AE4B1300CCB9C3 /* Resources */,
				9E3CC27029AE4B1300CCB9C3 /* Views */,
				9EB41E7B29AE473700EE23B7 /* MyPickFlavor.h */,
			);
			path = MyPickFlavor;
			sourceTree = "<group>";
		};
/* End PBXGroup section */

/* Begin PBXHeadersBuildPhase section */
		9EB41E7329AE473700EE23B7 /* Headers */ = {
			isa = PBXHeadersBuildPhase;
			buildActionMask = 2147483647;
			files = (
				9EB41E7C29AE473700EE23B7 /* MyPickFlavor.h in Headers */,
			);
			runOnlyForDeploymentPostprocessing = 0;
		};
/* End PBXHeadersBuildPhase section */

/* Begin PBXNativeTarget section */
		9EB41E7729AE473700EE23B7 /* MyPickFlavor */ = {
			isa = PBXNativeTarget;
			buildConfigurationList = 9EB41E7F29AE473700EE23B7 /* Build configuration list for PBXNativeTarget "MyPickFlavor" */;
			buildPhases = (
				2DDED5F0CB11A2157700187E /* [CP] Check Pods Manifest.lock */,
				9EB41E7329AE473700EE23B7 /* Headers */,
				9EB41E7429AE473700EE23B7 /* Sources */,
				9EB41E7529AE473700EE23B7 /* Frameworks */,
				9EB41E7629AE473700EE23B7 /* Resources */,
			);
			buildRules = (
			);
			dependencies = (
			);
			name = MyPickFlavor;
			productName = MyPickFlavor;
			productReference = 9EB41E7829AE473700EE23B7 /* MyPickFlavor.framework */;
			productType = "com.apple.product-type.framework";
		};
/* End PBXNativeTarget section */

/* Begin PBXProject section */
		9EB41E6F29AE473700EE23B7 /* Project object */ = {
			isa = PBXProject;
			attributes = {
				BuildIndependentTargetsInParallel = 1;
				LastUpgradeCheck = 1410;
				TargetAttributes = {
					9EB41E7729AE473700EE23B7 = {
						CreatedOnToolsVersion = 14.1;
					};
				};
			};
			buildConfigurationList = 9EB41E7229AE473700EE23B7 /* Build configuration list for PBXProject "MyPickFlavor" */;
			compatibilityVersion = "Xcode 14.0";
			developmentRegion = en;
			hasScannedForEncodings = 0;
			knownRegions = (
				en,
				Base,
			);
			mainGroup = 9EB41E6E29AE473700EE23B7;
			productRefGroup = 9EB41E7929AE473700EE23B7 /* Products */;
			projectDirPath = "";
			projectRoot = "";
			targets = (
				9EB41E7729AE473700EE23B7 /* MyPickFlavor */,
			);
		};
/* End PBXProject section */

/* Begin PBXResourcesBuildPhase section */
		9EB41E7629AE473700EE23B7 /* Resources */ = {
			isa = PBXResourcesBuildPhase;
			buildActionMask = 2147483647;
			files = (
				9E3CC27A29AE4B1300CCB9C3 /* Images.xcassets in Resources */,
				9E3CC27D29AE4B1300CCB9C3 /* Main.storyboard in Resources */,
			);
			runOnlyForDeploymentPostprocessing = 0;
		};
/* End PBXResourcesBuildPhase section */

/* Begin PBXShellScriptBuildPhase section */
		2DDED5F0CB11A2157700187E /* [CP] Check Pods Manifest.lock */ = {
			isa = PBXShellScriptBuildPhase;
			buildActionMask = 2147483647;
			files = (
			);
			inputFileListPaths = (
			);
			inputPaths = (
				"${PODS_PODFILE_DIR_PATH}/Podfile.lock",
				"${PODS_ROOT}/Manifest.lock",
			);
			name = "[CP] Check Pods Manifest.lock";
			outputFileListPaths = (
			);
			outputPaths = (
				"$(DERIVED_FILE_DIR)/Pods-MyPickFlavor-checkManifestLockResult.txt",
			);
			runOnlyForDeploymentPostprocessing = 0;
			shellPath = /bin/sh;
			shellScript = "diff \"${PODS_PODFILE_DIR_PATH}/Podfile.lock\" \"${PODS_ROOT}/Manifest.lock\" > /dev/null\nif [ $? != 0 ] ; then\n    # print error to STDERR\n    echo \"error: The sandbox is not in sync with the Podfile.lock. Run 'pod install' or update your CocoaPods installation.\" >&2\n    exit 1\nfi\n# This output is used by Xcode 'outputs' to avoid re-running this script phase.\necho \"SUCCESS\" > \"${SCRIPT_OUTPUT_FILE_0}\"\n";
			showEnvVarsInLog = 0;
		};
/* End PBXShellScriptBuildPhase section */

/* Begin PBXSourcesBuildPhase section */
		9EB41E7429AE473700EE23B7 /* Sources */ = {
			isa = PBXSourcesBuildPhase;
			buildActionMask = 2147483647;
			files = (
				9E3CC27629AE4B1300CCB9C3 /* RGBAColorFromString.swift in Sources */,
				9E3CC27929AE4B1300CCB9C3 /* Flavor.swift in Sources */,
				9E3CC27829AE4B1300CCB9C3 /* PickFlavorDataSource.swift in Sources */,
				9E3CC27E29AE4B1300CCB9C3 /* IceCreamView.swift in Sources */,
				9E3CC27729AE4B1300CCB9C3 /* PickFlavorViewController.swift in Sources */,
				9E3CC27B29AE4B1300CCB9C3 /* ScoopCell.swift in Sources */,
				9E3CC27C29AE4B1300CCB9C3 /* ScoopView.swift in Sources */,
			);
			runOnlyForDeploymentPostprocessing = 0;
		};
/* End PBXSourcesBuildPhase section */

/* Begin PBXVariantGroup section */
		9E3CC27329AE4B1300CCB9C3 /* Main.storyboard */ = {
			isa = PBXVariantGroup;
			children = (
				9E3CC27429AE4B1300CCB9C3 /* Base */,
			);
			name = Main.storyboard;
			sourceTree = "<group>";
		};
/* End PBXVariantGroup section */

/* Begin XCBuildConfiguration section */
		9EB41E7D29AE473700EE23B7 /* Debug */ = {
			isa = XCBuildConfiguration;
			buildSettings = {
				ALWAYS_SEARCH_USER_PATHS = NO;
				CLANG_ANALYZER_NONNULL = YES;
				CLANG_ANALYZER_NUMBER_OBJECT_CONVERSION = YES_AGGRESSIVE;
				CLANG_CXX_LANGUAGE_STANDARD = "gnu++20";
				CLANG_ENABLE_MODULES = YES;
				CLANG_ENABLE_OBJC_ARC = YES;
				CLANG_ENABLE_OBJC_WEAK = YES;
				CLANG_WARN_BLOCK_CAPTURE_AUTORELEASING = YES;
				CLANG_WARN_BOOL_CONVERSION = YES;
				CLANG_WARN_COMMA = YES;
				CLANG_WARN_CONSTANT_CONVERSION = YES;
				CLANG_WARN_DEPRECATED_OBJC_IMPLEMENTATIONS = YES;
				CLANG_WARN_DIRECT_OBJC_ISA_USAGE = YES_ERROR;
				CLANG_WARN_DOCUMENTATION_COMMENTS = YES;
				CLANG_WARN_EMPTY_BODY = YES;
				CLANG_WARN_ENUM_CONVERSION = YES;
				CLANG_WARN_INFINITE_RECURSION = YES;
				CLANG_WARN_INT_CONVERSION = YES;
				CLANG_WARN_NON_LITERAL_NULL_CONVERSION = YES;
				CLANG_WARN_OBJC_IMPLICIT_RETAIN_SELF = YES;
				CLANG_WARN_OBJC_LITERAL_CONVERSION = YES;
				CLANG_WARN_OBJC_ROOT_CLASS = YES_ERROR;
				CLANG_WARN_QUOTED_INCLUDE_IN_FRAMEWORK_HEADER = YES;
				CLANG_WARN_RANGE_LOOP_ANALYSIS = YES;
				CLANG_WARN_STRICT_PROTOTYPES = YES;
				CLANG_WARN_SUSPICIOUS_MOVE = YES;
				CLANG_WARN_UNGUARDED_AVAILABILITY = YES_AGGRESSIVE;
				CLANG_WARN_UNREACHABLE_CODE = YES;
				CLANG_WARN__DUPLICATE_METHOD_MATCH = YES;
				COPY_PHASE_STRIP = NO;
				CURRENT_PROJECT_VERSION = 1;
				DEBUG_INFORMATION_FORMAT = dwarf;
				ENABLE_STRICT_OBJC_MSGSEND = YES;
				ENABLE_TESTABILITY = YES;
				GCC_C_LANGUAGE_STANDARD = gnu11;
				GCC_DYNAMIC_NO_PIC = NO;
				GCC_NO_COMMON_BLOCKS = YES;
				GCC_OPTIMIZATION_LEVEL = 0;
				GCC_PREPROCESSOR_DEFINITIONS = (
					"DEBUG=1",
					"$(inherited)",
				);
				GCC_WARN_64_TO_32_BIT_CONVERSION = YES;
				GCC_WARN_ABOUT_RETURN_TYPE = YES_ERROR;
				GCC_WARN_UNDECLARED_SELECTOR = YES;
				GCC_WARN_UNINITIALIZED_AUTOS = YES_AGGRESSIVE;
				GCC_WARN_UNUSED_FUNCTION = YES;
				GCC_WARN_UNUSED_VARIABLE = YES;
				IPHONEOS_DEPLOYMENT_TARGET = 16.1;
				MTL_ENABLE_DEBUG_INFO = INCLUDE_SOURCE;
				MTL_FAST_MATH = YES;
				ONLY_ACTIVE_ARCH = YES;
				SDKROOT = iphoneos;
				SWIFT_ACTIVE_COMPILATION_CONDITIONS = DEBUG;
				SWIFT_OPTIMIZATION_LEVEL = "-Onone";
				VERSIONING_SYSTEM = "apple-generic";
				VERSION_INFO_PREFIX = "";
			};
			name = Debug;
		};
		9EB41E7E29AE473700EE23B7 /* Release */ = {
			isa = XCBuildConfiguration;
			buildSettings = {
				ALWAYS_SEARCH_USER_PATHS = NO;
				CLANG_ANALYZER_NONNULL = YES;
				CLANG_ANALYZER_NUMBER_OBJECT_CONVERSION = YES_AGGRESSIVE;
				CLANG_CXX_LANGUAGE_STANDARD = "gnu++20";
				CLANG_ENABLE_MODULES = YES;
				CLANG_ENABLE_OBJC_ARC = YES;
				CLANG_ENABLE_OBJC_WEAK = YES;
				CLANG_WARN_BLOCK_CAPTURE_AUTORELEASING = YES;
				CLANG_WARN_BOOL_CONVERSION = YES;
				CLANG_WARN_COMMA = YES;
				CLANG_WARN_CONSTANT_CONVERSION = YES;
				CLANG_WARN_DEPRECATED_OBJC_IMPLEMENTATIONS = YES;
				CLANG_WARN_DIRECT_OBJC_ISA_USAGE = YES_ERROR;
				CLANG_WARN_DOCUMENTATION_COMMENTS = YES;
				CLANG_WARN_EMPTY_BODY = YES;
				CLANG_WARN_ENUM_CONVERSION = YES;
				CLANG_WARN_INFINITE_RECURSION = YES;
				CLANG_WARN_INT_CONVERSION = YES;
				CLANG_WARN_NON_LITERAL_NULL_CONVERSION = YES;
				CLANG_WARN_OBJC_IMPLICIT_RETAIN_SELF = YES;
				CLANG_WARN_OBJC_LITERAL_CONVERSION = YES;
				CLANG_WARN_OBJC_ROOT_CLASS = YES_ERROR;
				CLANG_WARN_QUOTED_INCLUDE_IN_FRAMEWORK_HEADER = YES;
				CLANG_WARN_RANGE_LOOP_ANALYSIS = YES;
				CLANG_WARN_STRICT_PROTOTYPES = YES;
				CLANG_WARN_SUSPICIOUS_MOVE = YES;
				CLANG_WARN_UNGUARDED_AVAILABILITY = YES_AGGRESSIVE;
				CLANG_WARN_UNREACHABLE_CODE = YES;
				CLANG_WARN__DUPLICATE_METHOD_MATCH = YES;
				COPY_PHASE_STRIP = NO;
				CURRENT_PROJECT_VERSION = 1;
				DEBUG_INFORMATION_FORMAT = "dwarf-with-dsym";
				ENABLE_NS_ASSERTIONS = NO;
				ENABLE_STRICT_OBJC_MSGSEND = YES;
				GCC_C_LANGUAGE_STANDARD = gnu11;
				GCC_NO_COMMON_BLOCKS = YES;
				GCC_WARN_64_TO_32_BIT_CONVERSION = YES;
				GCC_WARN_ABOUT_RETURN_TYPE = YES_ERROR;
				GCC_WARN_UNDECLARED_SELECTOR = YES;
				GCC_WARN_UNINITIALIZED_AUTOS = YES_AGGRESSIVE;
				GCC_WARN_UNUSED_FUNCTION = YES;
				GCC_WARN_UNUSED_VARIABLE = YES;
				IPHONEOS_DEPLOYMENT_TARGET = 16.1;
				MTL_ENABLE_DEBUG_INFO = NO;
				MTL_FAST_MATH = YES;
				SDKROOT = iphoneos;
				SWIFT_COMPILATION_MODE = wholemodule;
				SWIFT_OPTIMIZATION_LEVEL = "-O";
				VALIDATE_PRODUCT = YES;
				VERSIONING_SYSTEM = "apple-generic";
				VERSION_INFO_PREFIX = "";
			};
			name = Release;
		};
		9EB41E8029AE473700EE23B7 /* Debug */ = {
			isa = XCBuildConfiguration;
			baseConfigurationReference = 52EFFCA6EF78B2277D45EAF3 /* Pods-MyPickFlavor.debug.xcconfig */;
			buildSettings = {
				CODE_SIGN_STYLE = Automatic;
				CURRENT_PROJECT_VERSION = 1;
				DEFINES_MODULE = YES;
				DEVELOPMENT_TEAM = UG3PSCHH6Q;
				DYLIB_COMPATIBILITY_VERSION = 1;
				DYLIB_CURRENT_VERSION = 1;
				DYLIB_INSTALL_NAME_BASE = "@rpath";
				GENERATE_INFOPLIST_FILE = YES;
				INFOPLIST_KEY_NSHumanReadableCopyright = "";
				INSTALL_PATH = "$(LOCAL_LIBRARY_DIR)/Frameworks";
				LD_RUNPATH_SEARCH_PATHS = (
					"$(inherited)",
					"@executable_path/Frameworks",
					"@loader_path/Frameworks",
				);
				MARKETING_VERSION = 1.0;
				PRODUCT_BUNDLE_IDENTIFIER = com.hfbatista.MyPickFlavor;
				PRODUCT_NAME = "$(TARGET_NAME:c99extidentifier)";
				SKIP_INSTALL = YES;
				SWIFT_EMIT_LOC_STRINGS = YES;
				SWIFT_VERSION = 5.0;
				TARGETED_DEVICE_FAMILY = "1,2";
			};
			name = Debug;
		};
		9EB41E8129AE473700EE23B7 /* Release */ = {
			isa = XCBuildConfiguration;
			baseConfigurationReference = D2C8C56A1DD97F3FCB0909F1 /* Pods-MyPickFlavor.release.xcconfig */;
			buildSettings = {
				CODE_SIGN_STYLE = Automatic;
				CURRENT_PROJECT_VERSION = 1;
				DEFINES_MODULE = YES;
				DEVELOPMENT_TEAM = UG3PSCHH6Q;
				DYLIB_COMPATIBILITY_VERSION = 1;
				DYLIB_CURRENT_VERSION = 1;
				DYLIB_INSTALL_NAME_BASE = "@rpath";
				GENERATE_INFOPLIST_FILE = YES;
				INFOPLIST_KEY_NSHumanReadableCopyright = "";
				INSTALL_PATH = "$(LOCAL_LIBRARY_DIR)/Frameworks";
				LD_RUNPATH_SEARCH_PATHS = (
					"$(inherited)",
					"@executable_path/Frameworks",
					"@loader_path/Frameworks",
				);
				MARKETING_VERSION = 1.0;
				PRODUCT_BUNDLE_IDENTIFIER = com.hfbatista.MyPickFlavor;
				PRODUCT_NAME = "$(TARGET_NAME:c99extidentifier)";
				SKIP_INSTALL = YES;
				SWIFT_EMIT_LOC_STRINGS = YES;
				SWIFT_VERSION = 5.0;
				TARGETED_DEVICE_FAMILY = "1,2";
			};
			name = Release;
		};
/* End XCBuildConfiguration section */

/* Begin XCConfigurationList section */
		9EB41E7229AE473700EE23B7 /* Build configuration list for PBXProject "MyPickFlavor" */ = {
			isa = XCConfigurationList;
			buildConfigurations = (
				9EB41E7D29AE473700EE23B7 /* Debug */,
				9EB41E7E29AE473700EE23B7 /* Release */,
			);
			defaultConfigurationIsVisible = 0;
			defaultConfigurationName = Release;
		};
		9EB41E7F29AE473700EE23B7 /* Build configuration list for PBXNativeTarget "MyPickFlavor" */ = {
			isa = XCConfigurationList;
			buildConfigurations = (
				9EB41E8029AE473700EE23B7 /* Debug */,
				9EB41E8129AE473700EE23B7 /* Release */,
			);
			defaultConfigurationIsVisible = 0;
			defaultConfigurationName = Release;
		};
/* End XCConfigurationList section */
	};
	rootObject = 9EB41E6F29AE473700EE23B7 /* Project object */;
}
